// !$*UTF8*$!
{
	archiveVersion = 1;
	classes = {
	};
	objectVersion = 48;
	objects = {

/* Begin PBXBuildFile section */
		2414F03EE6A720DCD21DB13F /* Pods_GourmetSearch.framework in Frameworks */ = {isa = PBXBuildFile; fileRef = FD365A56109327C9C36BA3B2 /* Pods_GourmetSearch.framework */; };
		8613E97A1FB06C0F00E00D58 /* Favorite.swift in Sources */ = {isa = PBXBuildFile; fileRef = 8613E9791FB06C0F00E00D58 /* Favorite.swift */; };
		862F99FE1FAD828700D6EAD3 /* ShopDetailViewController.swift in Sources */ = {isa = PBXBuildFile; fileRef = 862F99FD1FAD828700D6EAD3 /* ShopDetailViewController.swift */; };
		86AFDB841F9DE1BB00E107F7 /* AppDelegate.swift in Sources */ = {isa = PBXBuildFile; fileRef = 86AFDB831F9DE1BB00E107F7 /* AppDelegate.swift */; };
		86AFDB861F9DE1BB00E107F7 /* ShopListViewController.swift in Sources */ = {isa = PBXBuildFile; fileRef = 86AFDB851F9DE1BB00E107F7 /* ShopListViewController.swift */; };
		86AFDB891F9DE1BB00E107F7 /* Main.storyboard in Resources */ = {isa = PBXBuildFile; fileRef = 86AFDB871F9DE1BB00E107F7 /* Main.storyboard */; };
		86AFDB8B1F9DE1BB00E107F7 /* Assets.xcassets in Resources */ = {isa = PBXBuildFile; fileRef = 86AFDB8A1F9DE1BB00E107F7 /* Assets.xcassets */; };
		86AFDB8E1F9DE1BB00E107F7 /* LaunchScreen.storyboard in Resources */ = {isa = PBXBuildFile; fileRef = 86AFDB8C1F9DE1BB00E107F7 /* LaunchScreen.storyboard */; };
		86C52C241F9DF51E009E39DD /* ShopListItemTableViewCell.swift in Sources */ = {isa = PBXBuildFile; fileRef = 86C52C231F9DF51E009E39DD /* ShopListItemTableViewCell.swift */; };
		86E836531FA9C04C007D6DEA /* SearchTopTableViewController.swift in Sources */ = {isa = PBXBuildFile; fileRef = 86E836521FA9C04C007D6DEA /* SearchTopTableViewController.swift */; };
		86E836551FA9C33F007D6DEA /* FreewordTableViewCell.swift in Sources */ = {isa = PBXBuildFile; fileRef = 86E836541FA9C33F007D6DEA /* FreewordTableViewCell.swift */; };
		86F9407A1F9F1325000D7E3D /* YahooLocal.swift in Sources */ = {isa = PBXBuildFile; fileRef = 86F940791F9F1325000D7E3D /* YahooLocal.swift */; };
/* End PBXBuildFile section */

/* Begin PBXFileReference section */
		796A8FDE86BCCC5019F7D891 /* Pods-GourmetSearch.debug.xcconfig */ = {isa = PBXFileReference; includeInIndex = 1; lastKnownFileType = text.xcconfig; name = "Pods-GourmetSearch.debug.xcconfig"; path = "Pods/Target Support Files/Pods-GourmetSearch/Pods-GourmetSearch.debug.xcconfig"; sourceTree = "<group>"; };
		8613E9791FB06C0F00E00D58 /* Favorite.swift */ = {isa = PBXFileReference; lastKnownFileType = sourcecode.swift; path = Favorite.swift; sourceTree = "<group>"; };
		862F99FD1FAD828700D6EAD3 /* ShopDetailViewController.swift */ = {isa = PBXFileReference; lastKnownFileType = sourcecode.swift; path = ShopDetailViewController.swift; sourceTree = "<group>"; };
		86AFDB801F9DE1BB00E107F7 /* GourmetSearch.app */ = {isa = PBXFileReference; explicitFileType = wrapper.application; includeInIndex = 0; path = GourmetSearch.app; sourceTree = BUILT_PRODUCTS_DIR; };
		86AFDB831F9DE1BB00E107F7 /* AppDelegate.swift */ = {isa = PBXFileReference; lastKnownFileType = sourcecode.swift; path = AppDelegate.swift; sourceTree = "<group>"; };
		86AFDB851F9DE1BB00E107F7 /* ShopListViewController.swift */ = {isa = PBXFileReference; lastKnownFileType = sourcecode.swift; path = ShopListViewController.swift; sourceTree = "<group>"; };
		86AFDB881F9DE1BB00E107F7 /* Base */ = {isa = PBXFileReference; lastKnownFileType = file.storyboard; name = Base; path = Base.lproj/Main.storyboard; sourceTree = "<group>"; };
		86AFDB8A1F9DE1BB00E107F7 /* Assets.xcassets */ = {isa = PBXFileReference; lastKnownFileType = folder.assetcatalog; path = Assets.xcassets; sourceTree = "<group>"; };
		86AFDB8D1F9DE1BB00E107F7 /* Base */ = {isa = PBXFileReference; lastKnownFileType = file.storyboard; name = Base; path = Base.lproj/LaunchScreen.storyboard; sourceTree = "<group>"; };
		86AFDB8F1F9DE1BB00E107F7 /* Info.plist */ = {isa = PBXFileReference; lastKnownFileType = text.plist.xml; path = Info.plist; sourceTree = "<group>"; };
		86C52C1E1F9DE64B009E39DD /* GourmetSearch-Bridging-Header.h */ = {isa = PBXFileReference; lastKnownFileType = sourcecode.c.h; path = "GourmetSearch-Bridging-Header.h"; sourceTree = "<group>"; };
		86C52C221F9DE7EB009E39DD /* ja */ = {isa = PBXFileReference; lastKnownFileType = text.plist.strings; name = ja; path = ja.lproj/LaunchScreen.strings; sourceTree = "<group>"; };
		86C52C231F9DF51E009E39DD /* ShopListItemTableViewCell.swift */ = {isa = PBXFileReference; lastKnownFileType = sourcecode.swift; path = ShopListItemTableViewCell.swift; sourceTree = "<group>"; };
		86E836521FA9C04C007D6DEA /* SearchTopTableViewController.swift */ = {isa = PBXFileReference; lastKnownFileType = sourcecode.swift; path = SearchTopTableViewController.swift; sourceTree = "<group>"; };
		86E836541FA9C33F007D6DEA /* FreewordTableViewCell.swift */ = {isa = PBXFileReference; lastKnownFileType = sourcecode.swift; path = FreewordTableViewCell.swift; sourceTree = "<group>"; };
		86F940791F9F1325000D7E3D /* YahooLocal.swift */ = {isa = PBXFileReference; lastKnownFileType = sourcecode.swift; path = YahooLocal.swift; sourceTree = "<group>"; };
		9A6F6F512BE04A82CD256925 /* Pods-GourmetSearch.release.xcconfig */ = {isa = PBXFileReference; includeInIndex = 1; lastKnownFileType = text.xcconfig; name = "Pods-GourmetSearch.release.xcconfig"; path = "Pods/Target Support Files/Pods-GourmetSearch/Pods-GourmetSearch.release.xcconfig"; sourceTree = "<group>"; };
		FD365A56109327C9C36BA3B2 /* Pods_GourmetSearch.framework */ = {isa = PBXFileReference; explicitFileType = wrapper.framework; includeInIndex = 0; path = Pods_GourmetSearch.framework; sourceTree = BUILT_PRODUCTS_DIR; };
/* End PBXFileReference section */

/* Begin PBXFrameworksBuildPhase section */
		86AFDB7D1F9DE1BB00E107F7 /* Frameworks */ = {
			isa = PBXFrameworksBuildPhase;
			buildActionMask = 2147483647;
			files = (
				2414F03EE6A720DCD21DB13F /* Pods_GourmetSearch.framework in Frameworks */,
			);
			runOnlyForDeploymentPostprocessing = 0;
		};
/* End PBXFrameworksBuildPhase section */

/* Begin PBXGroup section */
		8297F32D8EC769A8DB8C8C5D /* Frameworks */ = {
			isa = PBXGroup;
			children = (
				FD365A56109327C9C36BA3B2 /* Pods_GourmetSearch.framework */,
			);
			name = Frameworks;
			sourceTree = "<group>";
		};
		86AFDB771F9DE1BB00E107F7 = {
			isa = PBXGroup;
			children = (
				8297F32D8EC769A8DB8C8C5D /* Frameworks */,
				86AFDB821F9DE1BB00E107F7 /* GourmetSearch */,
				86C52C1E1F9DE64B009E39DD /* GourmetSearch-Bridging-Header.h */,
				E8F08B240E36C6CFA1C2150A /* Pods */,
				86AFDB811F9DE1BB00E107F7 /* Products */,
			);
			sourceTree = "<group>";
		};
		86AFDB811F9DE1BB00E107F7 /* Products */ = {
			isa = PBXGroup;
			children = (
				86AFDB801F9DE1BB00E107F7 /* GourmetSearch.app */,
			);
			name = Products;
			sourceTree = "<group>";
		};
		86AFDB821F9DE1BB00E107F7 /* GourmetSearch */ = {
			isa = PBXGroup;
			children = (
				86AFDB831F9DE1BB00E107F7 /* AppDelegate.swift */,
				86AFDB8A1F9DE1BB00E107F7 /* Assets.xcassets */,
				86F940781F9F12F0000D7E3D /* Common */,
				86AFDB8F1F9DE1BB00E107F7 /* Info.plist */,
				86AFDB8C1F9DE1BB00E107F7 /* LaunchScreen.storyboard */,
				86AFDB871F9DE1BB00E107F7 /* Main.storyboard */,
				86C52C251F9DF533009E39DD /* ShopList */,
			);
			path = GourmetSearch;
			sourceTree = "<group>";
		};
		86C52C251F9DF533009E39DD /* ShopList */ = {
			isa = PBXGroup;
			children = (
				86E836541FA9C33F007D6DEA /* FreewordTableViewCell.swift */,
				86E836521FA9C04C007D6DEA /* SearchTopTableViewController.swift */,
				862F99FD1FAD828700D6EAD3 /* ShopDetailViewController.swift */,
				86C52C231F9DF51E009E39DD /* ShopListItemTableViewCell.swift */,
				86AFDB851F9DE1BB00E107F7 /* ShopListViewController.swift */,
			);
			path = ShopList;
			sourceTree = "<group>";
		};
		86F940781F9F12F0000D7E3D /* Common */ = {
			isa = PBXGroup;
			children = (
				8613E9791FB06C0F00E00D58 /* Favorite.swift */,
				86F940791F9F1325000D7E3D /* YahooLocal.swift */,
			);
			path = Common;
			sourceTree = "<group>";
		};
		E8F08B240E36C6CFA1C2150A /* Pods */ = {
			isa = PBXGroup;
			children = (
				796A8FDE86BCCC5019F7D891 /* Pods-GourmetSearch.debug.xcconfig */,
				9A6F6F512BE04A82CD256925 /* Pods-GourmetSearch.release.xcconfig */,
			);
			name = Pods;
			sourceTree = "<group>";
		};
/* End PBXGroup section */

/* Begin PBXNativeTarget section */
		86AFDB7F1F9DE1BB00E107F7 /* GourmetSearch */ = {
			isa = PBXNativeTarget;
			buildConfigurationList = 86AFDB921F9DE1BB00E107F7 /* Build configuration list for PBXNativeTarget "GourmetSearch" */;
			buildPhases = (
				0993A84B006A9302E4BCD680 /* [CP] Check Pods Manifest.lock */,
				86AFDB7C1F9DE1BB00E107F7 /* Sources */,
				86AFDB7D1F9DE1BB00E107F7 /* Frameworks */,
				86AFDB7E1F9DE1BB00E107F7 /* Resources */,
				A79FEB07BDC2E8729480E118 /* [CP] Embed Pods Frameworks */,
				D2C64B139548BB5AB6F9C58A /* [CP] Copy Pods Resources */,
			);
			buildRules = (
			);
			dependencies = (
			);
			name = GourmetSearch;
			productName = GourmetSearch;
			productReference = 86AFDB801F9DE1BB00E107F7 /* GourmetSearch.app */;
			productType = "com.apple.product-type.application";
		};
/* End PBXNativeTarget section */

/* Begin PBXProject section */
		86AFDB781F9DE1BB00E107F7 /* Project object */ = {
			isa = PBXProject;
			attributes = {
				LastSwiftUpdateCheck = 0900;
				LastUpgradeCheck = 0900;
				ORGANIZATIONNAME = "佐藤恒";
				TargetAttributes = {
					86AFDB7F1F9DE1BB00E107F7 = {
						CreatedOnToolsVersion = 9.0.1;
						LastSwiftMigration = 0900;
						ProvisioningStyle = Automatic;
					};
				};
			};
			buildConfigurationList = 86AFDB7B1F9DE1BB00E107F7 /* Build configuration list for PBXProject "GourmetSearch" */;
			compatibilityVersion = "Xcode 8.0";
			developmentRegion = en;
			hasScannedForEncodings = 0;
			knownRegions = (
				Base,
			);
			mainGroup = 86AFDB771F9DE1BB00E107F7;
			productRefGroup = 86AFDB811F9DE1BB00E107F7 /* Products */;
			projectDirPath = "";
			projectRoot = "";
			targets = (
				86AFDB7F1F9DE1BB00E107F7 /* GourmetSearch */,
			);
		};
/* End PBXProject section */

/* Begin PBXResourcesBuildPhase section */
		86AFDB7E1F9DE1BB00E107F7 /* Resources */ = {
			isa = PBXResourcesBuildPhase;
			buildActionMask = 2147483647;
			files = (
				86AFDB8E1F9DE1BB00E107F7 /* LaunchScreen.storyboard in Resources */,
				86AFDB8B1F9DE1BB00E107F7 /* Assets.xcassets in Resources */,
				86AFDB891F9DE1BB00E107F7 /* Main.storyboard in Resources */,
			);
			runOnlyForDeploymentPostprocessing = 0;
		};
/* End PBXResourcesBuildPhase section */

/* Begin PBXShellScriptBuildPhase section */
		0993A84B006A9302E4BCD680 /* [CP] Check Pods Manifest.lock */ = {
			isa = PBXShellScriptBuildPhase;
			buildActionMask = 2147483647;
			files = (
			);
			inputPaths = (
				"${PODS_PODFILE_DIR_PATH}/Podfile.lock",
				"${PODS_ROOT}/Manifest.lock",
			);
			name = "[CP] Check Pods Manifest.lock";
			outputPaths = (
				"$(DERIVED_FILE_DIR)/Pods-GourmetSearch-checkManifestLockResult.txt",
			);
			runOnlyForDeploymentPostprocessing = 0;
			shellPath = /bin/sh;
			shellScript = "diff \"${PODS_PODFILE_DIR_PATH}/Podfile.lock\" \"${PODS_ROOT}/Manifest.lock\" > /dev/null\nif [ $? != 0 ] ; then\n    # print error to STDERR\n    echo \"error: The sandbox is not in sync with the Podfile.lock. Run 'pod install' or update your CocoaPods installation.\" >&2\n    exit 1\nfi\n# This output is used by Xcode 'outputs' to avoid re-running this script phase.\necho \"SUCCESS\" > \"${SCRIPT_OUTPUT_FILE_0}\"\n";
			showEnvVarsInLog = 0;
		};
		A79FEB07BDC2E8729480E118 /* [CP] Embed Pods Frameworks */ = {
			isa = PBXShellScriptBuildPhase;
			buildActionMask = 2147483647;
			files = (
			);
			inputPaths = (
				"${SRCROOT}/Pods/Target Support Files/Pods-GourmetSearch/Pods-GourmetSearch-frameworks.sh",
				"${BUILT_PRODUCTS_DIR}/Alamofire/Alamofire.framework",
				"${BUILT_PRODUCTS_DIR}/SDWebImage/SDWebImage.framework",
				"${BUILT_PRODUCTS_DIR}/SwiftyJSON/SwiftyJSON.framework",
			);
			name = "[CP] Embed Pods Frameworks";
			outputPaths = (
				"${TARGET_BUILD_DIR}/${FRAMEWORKS_FOLDER_PATH}/Alamofire.framework",
				"${TARGET_BUILD_DIR}/${FRAMEWORKS_FOLDER_PATH}/SDWebImage.framework",
				"${TARGET_BUILD_DIR}/${FRAMEWORKS_FOLDER_PATH}/SwiftyJSON.framework",
			);
			runOnlyForDeploymentPostprocessing = 0;
			shellPath = /bin/sh;
			shellScript = "\"${SRCROOT}/Pods/Target Support Files/Pods-GourmetSearch/Pods-GourmetSearch-frameworks.sh\"\n";
			showEnvVarsInLog = 0;
		};
		D2C64B139548BB5AB6F9C58A /* [CP] Copy Pods Resources */ = {
			isa = PBXShellScriptBuildPhase;
			buildActionMask = 2147483647;
			files = (
			);
			inputPaths = (
			);
			name = "[CP] Copy Pods Resources";
			outputPaths = (
			);
			runOnlyForDeploymentPostprocessing = 0;
			shellPath = /bin/sh;
			shellScript = "\"${SRCROOT}/Pods/Target Support Files/Pods-GourmetSearch/Pods-GourmetSearch-resources.sh\"\n";
			showEnvVarsInLog = 0;
		};
/* End PBXShellScriptBuildPhase section */

/* Begin PBXSourcesBuildPhase section */
		86AFDB7C1F9DE1BB00E107F7 /* Sources */ = {
			isa = PBXSourcesBuildPhase;
			buildActionMask = 2147483647;
			files = (
				86C52C241F9DF51E009E39DD /* ShopListItemTableViewCell.swift in Sources */,
				8613E97A1FB06C0F00E00D58 /* Favorite.swift in Sources */,
				86AFDB861F9DE1BB00E107F7 /* ShopListViewController.swift in Sources */,
				86F9407A1F9F1325000D7E3D /* YahooLocal.swift in Sources */,
				86E836551FA9C33F007D6DEA /* FreewordTableViewCell.swift in Sources */,
				862F99FE1FAD828700D6EAD3 /* ShopDetailViewController.swift in Sources */,
				86AFDB841F9DE1BB00E107F7 /* AppDelegate.swift in Sources */,
				86E836531FA9C04C007D6DEA /* SearchTopTableViewController.swift in Sources */,
			);
			runOnlyForDeploymentPostprocessing = 0;
		};
/* End PBXSourcesBuildPhase section */

/* Begin PBXVariantGroup section */
		86AFDB871F9DE1BB00E107F7 /* Main.storyboard */ = {
			isa = PBXVariantGroup;
			children = (
				86AFDB881F9DE1BB00E107F7 /* Base */,
			);
			name = Main.storyboard;
			sourceTree = "<group>";
		};
		86AFDB8C1F9DE1BB00E107F7 /* LaunchScreen.storyboard */ = {
			isa = PBXVariantGroup;
			children = (
				86AFDB8D1F9DE1BB00E107F7 /* Base */,
				86C52C221F9DE7EB009E39DD /* ja */,
			);
			name = LaunchScreen.storyboard;
			sourceTree = "<group>";
		};
/* End PBXVariantGroup section */

/* Begin XCBuildConfiguration section */
		86AFDB901F9DE1BB00E107F7 /* Debug */ = {
			isa = XCBuildConfiguration;
			buildSettings = {
				ALWAYS_SEARCH_USER_PATHS = NO;
				CLANG_ANALYZER_LOCALIZABILITY_NONLOCALIZED = YES;
				CLANG_ANALYZER_NONNULL = YES;
				CLANG_ANALYZER_NUMBER_OBJECT_CONVERSION = YES_AGGRESSIVE;
				CLANG_CXX_LANGUAGE_STANDARD = "gnu++14";
				CLANG_CXX_LIBRARY = "libc++";
				CLANG_ENABLE_MODULES = YES;
				CLANG_ENABLE_OBJC_ARC = YES;
				CLANG_WARN_BLOCK_CAPTURE_AUTORELEASING = YES;
				CLANG_WARN_BOOL_CONVERSION = YES;
				CLANG_WARN_COMMA = YES;
				CLANG_WARN_CONSTANT_CONVERSION = YES;
				CLANG_WARN_DIRECT_OBJC_ISA_USAGE = YES_ERROR;
				CLANG_WARN_DOCUMENTATION_COMMENTS = YES;
				CLANG_WARN_EMPTY_BODY = YES;
				CLANG_WARN_ENUM_CONVERSION = YES;
				CLANG_WARN_INFINITE_RECURSION = YES;
				CLANG_WARN_INT_CONVERSION = YES;
				CLANG_WARN_NON_LITERAL_NULL_CONVERSION = YES;
				CLANG_WARN_OBJC_LITERAL_CONVERSION = YES;
				CLANG_WARN_OBJC_ROOT_CLASS = YES_ERROR;
				CLANG_WARN_RANGE_LOOP_ANALYSIS = YES;
				CLANG_WARN_STRICT_PROTOTYPES = YES;
				CLANG_WARN_SUSPICIOUS_MOVE = YES;
				CLANG_WARN_UNGUARDED_AVAILABILITY = YES_AGGRESSIVE;
				CLANG_WARN_UNREACHABLE_CODE = YES;
				CLANG_WARN__DUPLICATE_METHOD_MATCH = YES;
				CODE_SIGN_IDENTITY = "iPhone Developer";
				COPY_PHASE_STRIP = NO;
				DEBUG_INFORMATION_FORMAT = dwarf;
				ENABLE_STRICT_OBJC_MSGSEND = YES;
				ENABLE_TESTABILITY = YES;
				GCC_C_LANGUAGE_STANDARD = gnu11;
				GCC_DYNAMIC_NO_PIC = NO;
				GCC_NO_COMMON_BLOCKS = YES;
				GCC_OPTIMIZATION_LEVEL = 0;
				GCC_PREPROCESSOR_DEFINITIONS = (
					"DEBUG=1",
					"$(inherited)",
				);
				GCC_WARN_64_TO_32_BIT_CONVERSION = YES;
				GCC_WARN_ABOUT_RETURN_TYPE = YES_ERROR;
				GCC_WARN_UNDECLARED_SELECTOR = YES;
				GCC_WARN_UNINITIALIZED_AUTOS = YES_AGGRESSIVE;
				GCC_WARN_UNUSED_FUNCTION = YES;
				GCC_WARN_UNUSED_VARIABLE = YES;
				IPHONEOS_DEPLOYMENT_TARGET = 11.0;
				MTL_ENABLE_DEBUG_INFO = YES;
				ONLY_ACTIVE_ARCH = YES;
				SDKROOT = iphoneos;
				SWIFT_ACTIVE_COMPILATION_CONDITIONS = DEBUG;
				SWIFT_OPTIMIZATION_LEVEL = "-Onone";
			};
			name = Debug;
		};
		86AFDB911F9DE1BB00E107F7 /* Release */ = {
			isa = XCBuildConfiguration;
			buildSettings = {
				ALWAYS_SEARCH_USER_PATHS = NO;
				CLANG_ANALYZER_LOCALIZABILITY_NONLOCALIZED = YES;
				CLANG_ANALYZER_NONNULL = YES;
				CLANG_ANALYZER_NUMBER_OBJECT_CONVERSION = YES_AGGRESSIVE;
				CLANG_CXX_LANGUAGE_STANDARD = "gnu++14";
				CLANG_CXX_LIBRARY = "libc++";
				CLANG_ENABLE_MODULES = YES;
				CLANG_ENABLE_OBJC_ARC = YES;
				CLANG_WARN_BLOCK_CAPTURE_AUTORELEASING = YES;
				CLANG_WARN_BOOL_CONVERSION = YES;
				CLANG_WARN_COMMA = YES;
				CLANG_WARN_CONSTANT_CONVERSION = YES;
				CLANG_WARN_DIRECT_OBJC_ISA_USAGE = YES_ERROR;
				CLANG_WARN_DOCUMENTATION_COMMENTS = YES;
				CLANG_WARN_EMPTY_BODY = YES;
				CLANG_WARN_ENUM_CONVERSION = YES;
				CLANG_WARN_INFINITE_RECURSION = YES;
				CLANG_WARN_INT_CONVERSION = YES;
				CLANG_WARN_NON_LITERAL_NULL_CONVERSION = YES;
				CLANG_WARN_OBJC_LITERAL_CONVERSION = YES;
				CLANG_WARN_OBJC_ROOT_CLASS = YES_ERROR;
				CLANG_WARN_RANGE_LOOP_ANALYSIS = YES;
				CLANG_WARN_STRICT_PROTOTYPES = YES;
				CLANG_WARN_SUSPICIOUS_MOVE = YES;
				CLANG_WARN_UNGUARDED_AVAILABILITY = YES_AGGRESSIVE;
				CLANG_WARN_UNREACHABLE_CODE = YES;
				CLANG_WARN__DUPLICATE_METHOD_MATCH = YES;
				CODE_SIGN_IDENTITY = "iPhone Developer";
				COPY_PHASE_STRIP = NO;
				DEBUG_INFORMATION_FORMAT = "dwarf-with-dsym";
				ENABLE_NS_ASSERTIONS = NO;
				ENABLE_STRICT_OBJC_MSGSEND = YES;
				GCC_C_LANGUAGE_STANDARD = gnu11;
				GCC_NO_COMMON_BLOCKS = YES;
				GCC_WARN_64_TO_32_BIT_CONVERSION = YES;
				GCC_WARN_ABOUT_RETURN_TYPE = YES_ERROR;
				GCC_WARN_UNDECLARED_SELECTOR = YES;
				GCC_WARN_UNINITIALIZED_AUTOS = YES_AGGRESSIVE;
				GCC_WARN_UNUSED_FUNCTION = YES;
				GCC_WARN_UNUSED_VARIABLE = YES;
				IPHONEOS_DEPLOYMENT_TARGET = 11.0;
				MTL_ENABLE_DEBUG_INFO = NO;
				SDKROOT = iphoneos;
				SWIFT_OPTIMIZATION_LEVEL = "-Owholemodule";
				VALIDATE_PRODUCT = YES;
			};
			name = Release;
		};
		86AFDB931F9DE1BB00E107F7 /* Debug */ = {
			isa = XCBuildConfiguration;
			baseConfigurationReference = 796A8FDE86BCCC5019F7D891 /* Pods-GourmetSearch.debug.xcconfig */;
			buildSettings = {
				ASSETCATALOG_COMPILER_APPICON_NAME = AppIcon;
				CLANG_ENABLE_MODULES = YES;
				CODE_SIGN_STYLE = Automatic;
				INFOPLIST_FILE = GourmetSearch/Info.plist;
				LD_RUNPATH_SEARCH_PATHS = "$(inherited) @executable_path/Frameworks";
				PRODUCT_BUNDLE_IDENTIFIER = private.GourmetSearch;
				PRODUCT_NAME = "$(TARGET_NAME)";
				SWIFT_OBJC_BRIDGING_HEADER = "GourmetSearch-Bridging-Header.h";
				SWIFT_OPTIMIZATION_LEVEL = "-Onone";
				SWIFT_VERSION = 4.0;
				TARGETED_DEVICE_FAMILY = "1,2";
			};
			name = Debug;
		};
		86AFDB941F9DE1BB00E107F7 /* Release */ = {
			isa = XCBuildConfiguration;
			baseConfigurationReference = 9A6F6F512BE04A82CD256925 /* Pods-GourmetSearch.release.xcconfig */;
			buildSettings = {
				ASSETCATALOG_COMPILER_APPICON_NAME = AppIcon;
				CLANG_ENABLE_MODULES = YES;
				CODE_SIGN_STYLE = Automatic;
				INFOPLIST_FILE = GourmetSearch/Info.plist;
				LD_RUNPATH_SEARCH_PATHS = "$(inherited) @executable_path/Frameworks";
				PRODUCT_BUNDLE_IDENTIFIER = private.GourmetSearch;
				PRODUCT_NAME = "$(TARGET_NAME)";
				SWIFT_OBJC_BRIDGING_HEADER = "GourmetSearch-Bridging-Header.h";
				SWIFT_VERSION = 4.0;
				TARGETED_DEVICE_FAMILY = "1,2";
			};
			name = Release;
		};
/* End XCBuildConfiguration section */

/* Begin XCConfigurationList section */
		86AFDB7B1F9DE1BB00E107F7 /* Build configuration list for PBXProject "GourmetSearch" */ = {
			isa = XCConfigurationList;
			buildConfigurations = (
				86AFDB901F9DE1BB00E107F7 /* Debug */,
				86AFDB911F9DE1BB00E107F7 /* Release */,
			);
			defaultConfigurationIsVisible = 0;
			defaultConfigurationName = Release;
		};
		86AFDB921F9DE1BB00E107F7 /* Build configuration list for PBXNativeTarget "GourmetSearch" */ = {
			isa = XCConfigurationList;
			buildConfigurations = (
				86AFDB931F9DE1BB00E107F7 /* Debug */,
				86AFDB941F9DE1BB00E107F7 /* Release */,
			);
			defaultConfigurationIsVisible = 0;
			defaultConfigurationName = Release;
		};
/* End XCConfigurationList section */
	};
	rootObject = 86AFDB781F9DE1BB00E107F7 /* Project object */;
}
